
Microsoft Visual Studio Solution File, Format Version 12.00
# Visual Studio 15
VisualStudioVersion = 15.0.28307.168
MinimumVisualStudioVersion = 10.0.40219.1
Project("{FAE04EC0-301F-11D3-BF4B-00C04F79EFBC}") = "ShareBuddy.Android", "ShareBuddy.Android\ShareBuddy.Android.csproj", "{1AE845D5-BD72-4DE9-9FDA-4F655181FC38}"
EndProject
Project("{FAE04EC0-301F-11D3-BF4B-00C04F79EFBC}") = "ShareBuddy.iOS", "ShareBuddy.iOS\ShareBuddy.iOS.csproj", "{E71F3053-056C-4381-9638-048ED73BDFF6}"
EndProject
Project("{FAE04EC0-301F-11D3-BF4B-00C04F79EFBC}") = "ShareBuddy.WindowsDX", "ShareBuddy.WindowsDX\ShareBuddy.WindowsDX.csproj", "{1854559D-1F2A-486A-B5D3-B7D0C2D28BF5}"
EndProject
Project("{D954291E-2A0B-460D-934E-DC6B0785DB48}") = "ShareBuddy.SharedProject", "ShareBuddy.SharedProject\ShareBuddy.SharedProject.shproj", "{B3ED9A2A-102D-40A0-A997-2B624EECF42B}"
EndProject
Project("{2150E333-8FDC-42A3-9474-1A3956D46DE8}") = "Solution Items", "Solution Items", "{F14FADF7-4917-4317-8700-92D1F61FE64F}"
	ProjectSection(SolutionItems) = preProject
		buildNugetPackages.ps1 = buildNugetPackages.ps1
		ShareBuddy.nuspec = ShareBuddy.nuspec
	EndProjectSection
EndProject
Global
	GlobalSection(SharedMSBuildProjectFiles) = preSolution
		ShareBuddy.SharedProject\ShareBuddy.SharedProject.projitems*{1854559d-1f2a-486a-b5d3-b7d0c2d28bf5}*SharedItemsImports = 4
		ShareBuddy.SharedProject\ShareBuddy.SharedProject.projitems*{1ae845d5-bd72-4de9-9fda-4f655181fc38}*SharedItemsImports = 4
		ShareBuddy.SharedProject\ShareBuddy.SharedProject.projitems*{b3ed9a2a-102d-40a0-a997-2b624eecf42b}*SharedItemsImports = 13
		ShareBuddy.SharedProject\ShareBuddy.SharedProject.projitems*{e71f3053-056c-4381-9638-048ed73bdff6}*SharedItemsImports = 4
	EndGlobalSection
	GlobalSection(SolutionConfigurationPlatforms) = preSolution
		Debug|Any CPU = Debug|Any CPU
		Release|Any CPU = Release|Any CPU
	EndGlobalSection
	GlobalSection(ProjectConfigurationPlatforms) = postSolution
		{1AE845D5-BD72-4DE9-9FDA-4F655181FC38}.Debug|Any CPU.ActiveCfg = Debug|Any CPU
		{1AE845D5-BD72-4DE9-9FDA-4F655181FC38}.Debug|Any CPU.Build.0 = Debug|Any CPU
		{1AE845D5-BD72-4DE9-9FDA-4F655181FC38}.Release|Any CPU.ActiveCfg = Release|Any CPU
		{1AE845D5-BD72-4DE9-9FDA-4F655181FC38}.Release|Any CPU.Build.0 = Release|Any CPU
		{E71F3053-056C-4381-9638-048ED73BDFF6}.Debug|Any CPU.ActiveCfg = Debug|Any CPU
		{E71F3053-056C-4381-9638-048ED73BDFF6}.Debug|Any CPU.Build.0 = Debug|Any CPU
		{E71F3053-056C-4381-9638-048ED73BDFF6}.Release|Any CPU.ActiveCfg = Release|Any CPU
		{E71F3053-056C-4381-9638-048ED73BDFF6}.Release|Any CPU.Build.0 = Release|Any CPU
		{1854559D-1F2A-486A-B5D3-B7D0C2D28BF5}.Debug|Any CPU.ActiveCfg = Debug|Any CPU
		{1854559D-1F2A-486A-B5D3-B7D0C2D28BF5}.Debug|Any CPU.Build.0 = Debug|Any CPU
		{1854559D-1F2A-486A-B5D3-B7D0C2D28BF5}.Release|Any CPU.ActiveCfg = Release|Any CPU
		{1854559D-1F2A-486A-B5D3-B7D0C2D28BF5}.Release|Any CPU.Build.0 = Release|Any CPU
	EndGlobalSection
	GlobalSection(SolutionProperties) = preSolution
		HideSolutionNode = FALSE
	EndGlobalSection
	GlobalSection(ExtensibilityGlobals) = postSolution
		SolutionGuid = {35DA3D55-AC66-4F38-B70E-D1880E937FAC}
	EndGlobalSection
EndGlobal
